
Microsoft Visual Studio Solution File, Format Version 12.00
# Visual Studio Version 17
VisualStudioVersion = 17.13.35931.197
MinimumVisualStudioVersion = 10.0.40219.1
Project("{2150E333-8FDC-42A3-9474-1A3956D46DE8}") = "src", "src", "{02EA681E-C7D8-13C7-8484-4AC65E1B71E8}"
EndProject
Project("{2150E333-8FDC-42A3-9474-1A3956D46DE8}") = "tests", "tests", "{5FC6ECE5-3B7C-4605-9012-129565F0DDBC}"
EndProject
Project("{E53339B2-1760-4266-BCC7-CA923CBCF16C}") = "docker-compose", "docker-compose.dcproj", "{81DDED9D-158B-E303-5F62-77A2896D2A5A}"
EndProject
Project("{FAE04EC0-301F-11D3-BF4B-00C04F79EFBC}") = "PixPaymentSystem", "src\PixPaymentSystem\PixPaymentSystem.csproj", "{ADD63FDE-1112-A355-8FC3-1F911C4873FD}"
EndProject
Project("{FAE04EC0-301F-11D3-BF4B-00C04F79EFBC}") = "PixPaymentSystem.API", "src\PixPaymentSystem.API\PixPaymentSystem.API.csproj", "{A8A4C78B-303B-1B4A-406E-B04B1EEFF0F4}"
EndProject
Project("{FAE04EC0-301F-11D3-BF4B-00C04F79EFBC}") = "PixPaymentSystem.Tests.Integration", "tests\PixPaymentSystem.Tests.Integration\PixPaymentSystem.Tests.Integration.csproj", "{6866CE91-6022-A1BC-8323-60FE2CB9307E}"
EndProject
Project("{FAE04EC0-301F-11D3-BF4B-00C04F79EFBC}") = "PixPaymentSystem.Tests.Unit", "tests\PixPaymentSystem.Tests.Unit\PixPaymentSystem.Tests.Unit.csproj", "{99F42D44-126F-20CD-8EFF-46E55E9F4994}"
EndProject
Global
	GlobalSection(SolutionConfigurationPlatforms) = preSolution
		Debug|Any CPU = Debug|Any CPU
		Release|Any CPU = Release|Any CPU
	EndGlobalSection
	GlobalSection(ProjectConfigurationPlatforms) = postSolution
		{81DDED9D-158B-E303-5F62-77A2896D2A5A}.Debug|Any CPU.ActiveCfg = Debug|Any CPU
		{81DDED9D-158B-E303-5F62-77A2896D2A5A}.Debug|Any CPU.Build.0 = Debug|Any CPU
		{81DDED9D-158B-E303-5F62-77A2896D2A5A}.Release|Any CPU.ActiveCfg = Release|Any CPU
		{81DDED9D-158B-E303-5F62-77A2896D2A5A}.Release|Any CPU.Build.0 = Release|Any CPU
		{ADD63FDE-1112-A355-8FC3-1F911C4873FD}.Debug|Any CPU.ActiveCfg = Debug|Any CPU
		{ADD63FDE-1112-A355-8FC3-1F911C4873FD}.Debug|Any CPU.Build.0 = Debug|Any CPU
		{ADD63FDE-1112-A355-8FC3-1F911C4873FD}.Release|Any CPU.ActiveCfg = Release|Any CPU
		{ADD63FDE-1112-A355-8FC3-1F911C4873FD}.Release|Any CPU.Build.0 = Release|Any CPU
		{A8A4C78B-303B-1B4A-406E-B04B1EEFF0F4}.Debug|Any CPU.ActiveCfg = Debug|Any CPU
		{A8A4C78B-303B-1B4A-406E-B04B1EEFF0F4}.Debug|Any CPU.Build.0 = Debug|Any CPU
		{A8A4C78B-303B-1B4A-406E-B04B1EEFF0F4}.Release|Any CPU.ActiveCfg = Release|Any CPU
		{A8A4C78B-303B-1B4A-406E-B04B1EEFF0F4}.Release|Any CPU.Build.0 = Release|Any CPU
		{6866CE91-6022-A1BC-8323-60FE2CB9307E}.Debug|Any CPU.ActiveCfg = Debug|Any CPU
		{6866CE91-6022-A1BC-8323-60FE2CB9307E}.Debug|Any CPU.Build.0 = Debug|Any CPU
		{6866CE91-6022-A1BC-8323-60FE2CB9307E}.Release|Any CPU.ActiveCfg = Release|Any CPU
		{6866CE91-6022-A1BC-8323-60FE2CB9307E}.Release|Any CPU.Build.0 = Release|Any CPU
		{99F42D44-126F-20CD-8EFF-46E55E9F4994}.Debug|Any CPU.ActiveCfg = Debug|Any CPU
		{99F42D44-126F-20CD-8EFF-46E55E9F4994}.Debug|Any CPU.Build.0 = Debug|Any CPU
		{99F42D44-126F-20CD-8EFF-46E55E9F4994}.Release|Any CPU.ActiveCfg = Release|Any CPU
		{99F42D44-126F-20CD-8EFF-46E55E9F4994}.Release|Any CPU.Build.0 = Release|Any CPU
	EndGlobalSection
	GlobalSection(SolutionProperties) = preSolution
		HideSolutionNode = FALSE
	EndGlobalSection
	GlobalSection(NestedProjects) = preSolution
		{ADD63FDE-1112-A355-8FC3-1F911C4873FD} = {02EA681E-C7D8-13C7-8484-4AC65E1B71E8}
		{A8A4C78B-303B-1B4A-406E-B04B1EEFF0F4} = {02EA681E-C7D8-13C7-8484-4AC65E1B71E8}
		{6866CE91-6022-A1BC-8323-60FE2CB9307E} = {5FC6ECE5-3B7C-4605-9012-129565F0DDBC}
		{99F42D44-126F-20CD-8EFF-46E55E9F4994} = {5FC6ECE5-3B7C-4605-9012-129565F0DDBC}
	EndGlobalSection
	GlobalSection(ExtensibilityGlobals) = postSolution
		SolutionGuid = {17061480-823B-402B-90A7-7035A333EC82}
	EndGlobalSection
EndGlobal
